
Microsoft Visual Studio Solution File, Format Version 12.00
# Visual Studio Version 16
VisualStudioVersion = 16.0.30225.117
MinimumVisualStudioVersion = 10.0.40219.1
Project("{FAE04EC0-301F-11D3-BF4B-00C04F79EFBC}") = "TestTask_DockRu", "TestTask_DockRu.csproj", "{A846CCEC-7F9C-42C3-918A-C222746AB63F}"
EndProject
Project("{FAE04EC0-301F-11D3-BF4B-00C04F79EFBC}") = "TestTask_DockRuTests", "..\TestTask_DockRuTests\TestTask_DockRuTests.csproj", "{F488CFFD-B6E6-4863-85A9-123A52C94B90}"
EndProject
Global
	GlobalSection(SolutionConfigurationPlatforms) = preSolution
		Debug|Any CPU = Debug|Any CPU
		Release|Any CPU = Release|Any CPU
	EndGlobalSection
	GlobalSection(ProjectConfigurationPlatforms) = postSolution
		{A846CCEC-7F9C-42C3-918A-C222746AB63F}.Debug|Any CPU.ActiveCfg = Debug|Any CPU
		{A846CCEC-7F9C-42C3-918A-C222746AB63F}.Debug|Any CPU.Build.0 = Debug|Any CPU
		{A846CCEC-7F9C-42C3-918A-C222746AB63F}.Release|Any CPU.ActiveCfg = Release|Any CPU
		{A846CCEC-7F9C-42C3-918A-C222746AB63F}.Release|Any CPU.Build.0 = Release|Any CPU
		{F488CFFD-B6E6-4863-85A9-123A52C94B90}.Debug|Any CPU.ActiveCfg = Debug|Any CPU
		{F488CFFD-B6E6-4863-85A9-123A52C94B90}.Debug|Any CPU.Build.0 = Debug|Any CPU
		{F488CFFD-B6E6-4863-85A9-123A52C94B90}.Release|Any CPU.ActiveCfg = Release|Any CPU
		{F488CFFD-B6E6-4863-85A9-123A52C94B90}.Release|Any CPU.Build.0 = Release|Any CPU
	EndGlobalSection
	GlobalSection(SolutionProperties) = preSolution
		HideSolutionNode = FALSE
	EndGlobalSection
	GlobalSection(ExtensibilityGlobals) = postSolution
		SolutionGuid = {61F692B0-4AD0-44A0-9C3F-A952FDB22220}
	EndGlobalSection
EndGlobal
